// !$*UTF8*$!
{
	archiveVersion = 1;
	classes = {
	};
	objectVersion = 51;
	objects = {

/* Begin PBXBuildFile section */
		0ECC7B54BCBF88F197A965B7 /* Pods_trans.framework in Frameworks */ = {isa = PBXBuildFile; fileRef = 66355C472D98083FF84A11F1 /* Pods_trans.framework */; };
		2C1A8A4723E9385700930E6C /* Utils.swift in Sources */ = {isa = PBXBuildFile; fileRef = 2C1A8A4623E9385700930E6C /* Utils.swift */; };
		2C85913723DB176400AA6A47 /* EventMonitor.swift in Sources */ = {isa = PBXBuildFile; fileRef = 2C85913623DB176400AA6A47 /* EventMonitor.swift */; };
		2C85913A23DB269800AA6A47 /* Main.storyboard in Resources */ = {isa = PBXBuildFile; fileRef = 2C85913923DB269800AA6A47 /* Main.storyboard */; };
		2C9928BA23DAB450009B13A9 /* AppDelegate.swift in Sources */ = {isa = PBXBuildFile; fileRef = 2C9928B923DAB450009B13A9 /* AppDelegate.swift */; };
		2C9928BF23DAB450009B13A9 /* trans.xcdatamodeld in Sources */ = {isa = PBXBuildFile; fileRef = 2C9928BD23DAB450009B13A9 /* trans.xcdatamodeld */; };
		2C9928C123DAB452009B13A9 /* Assets.xcassets in Resources */ = {isa = PBXBuildFile; fileRef = 2C9928C023DAB452009B13A9 /* Assets.xcassets */; };
		2C9928CD23DABE9B009B13A9 /* PopoverViewController.swift in Sources */ = {isa = PBXBuildFile; fileRef = 2C9928CC23DABE9B009B13A9 /* PopoverViewController.swift */; };
		2C9928D023DAE053009B13A9 /* Preferences.swift in Sources */ = {isa = PBXBuildFile; fileRef = 2C9928CF23DAE053009B13A9 /* Preferences.swift */; };
		2C9928D223DAE34F009B13A9 /* PrefsViewController.swift in Sources */ = {isa = PBXBuildFile; fileRef = 2C9928D123DAE34F009B13A9 /* PrefsViewController.swift */; };
/* End PBXBuildFile section */

/* Begin PBXFileReference section */
		2C1A8A4623E9385700930E6C /* Utils.swift */ = {isa = PBXFileReference; lastKnownFileType = sourcecode.swift; path = Utils.swift; sourceTree = "<group>"; };
		2C85913623DB176400AA6A47 /* EventMonitor.swift */ = {isa = PBXFileReference; lastKnownFileType = sourcecode.swift; path = EventMonitor.swift; sourceTree = "<group>"; };
		2C85913923DB269800AA6A47 /* Main.storyboard */ = {isa = PBXFileReference; fileEncoding = 4; lastKnownFileType = file.storyboard; path = Main.storyboard; sourceTree = "<group>"; };
		2C9928B623DAB450009B13A9 /* trans.app */ = {isa = PBXFileReference; explicitFileType = wrapper.application; includeInIndex = 0; path = trans.app; sourceTree = BUILT_PRODUCTS_DIR; };
		2C9928B923DAB450009B13A9 /* AppDelegate.swift */ = {isa = PBXFileReference; lastKnownFileType = sourcecode.swift; path = AppDelegate.swift; sourceTree = "<group>"; };
		2C9928BE23DAB450009B13A9 /* tranns.xcdatamodel */ = {isa = PBXFileReference; lastKnownFileType = wrapper.xcdatamodel; path = tranns.xcdatamodel; sourceTree = "<group>"; };
		2C9928C023DAB452009B13A9 /* Assets.xcassets */ = {isa = PBXFileReference; lastKnownFileType = folder.assetcatalog; path = Assets.xcassets; sourceTree = "<group>"; };
		2C9928C523DAB452009B13A9 /* Info.plist */ = {isa = PBXFileReference; lastKnownFileType = text.plist.xml; path = Info.plist; sourceTree = "<group>"; };
		2C9928C623DAB452009B13A9 /* trans.entitlements */ = {isa = PBXFileReference; lastKnownFileType = text.plist.entitlements; path = trans.entitlements; sourceTree = "<group>"; };
		2C9928CC23DABE9B009B13A9 /* PopoverViewController.swift */ = {isa = PBXFileReference; lastKnownFileType = sourcecode.swift; path = PopoverViewController.swift; sourceTree = "<group>"; };
		2C9928CF23DAE053009B13A9 /* Preferences.swift */ = {isa = PBXFileReference; lastKnownFileType = sourcecode.swift; path = Preferences.swift; sourceTree = "<group>"; };
		2C9928D123DAE34F009B13A9 /* PrefsViewController.swift */ = {isa = PBXFileReference; lastKnownFileType = sourcecode.swift; path = PrefsViewController.swift; sourceTree = "<group>"; };
		41B0B4DF020570EDB1BA6285 /* Pods-trans.release.xcconfig */ = {isa = PBXFileReference; includeInIndex = 1; lastKnownFileType = text.xcconfig; name = "Pods-trans.release.xcconfig"; path = "Target Support Files/Pods-trans/Pods-trans.release.xcconfig"; sourceTree = "<group>"; };
		66355C472D98083FF84A11F1 /* Pods_trans.framework */ = {isa = PBXFileReference; explicitFileType = wrapper.framework; includeInIndex = 0; path = Pods_trans.framework; sourceTree = BUILT_PRODUCTS_DIR; };
		8A198669C22EC238EC459E8E /* Pods-trans.debug.xcconfig */ = {isa = PBXFileReference; includeInIndex = 1; lastKnownFileType = text.xcconfig; name = "Pods-trans.debug.xcconfig"; path = "Target Support Files/Pods-trans/Pods-trans.debug.xcconfig"; sourceTree = "<group>"; };
/* End PBXFileReference section */

/* Begin PBXFrameworksBuildPhase section */
		2C9928B323DAB450009B13A9 /* Frameworks */ = {
			isa = PBXFrameworksBuildPhase;
			buildActionMask = 2147483647;
			files = (
				0ECC7B54BCBF88F197A965B7 /* Pods_trans.framework in Frameworks */,
			);
			runOnlyForDeploymentPostprocessing = 0;
		};
/* End PBXFrameworksBuildPhase section */

/* Begin PBXGroup section */
		2C85913823DB18CF00AA6A47 /* Model */ = {
			isa = PBXGroup;
			children = (
				2C9928CF23DAE053009B13A9 /* Preferences.swift */,
				2C85913623DB176400AA6A47 /* EventMonitor.swift */,
				2C1A8A4623E9385700930E6C /* Utils.swift */,
			);
			path = Model;
			sourceTree = "<group>";
		};
		2C9928AD23DAB450009B13A9 = {
			isa = PBXGroup;
			children = (
				2C9928B823DAB450009B13A9 /* trans */,
				2C9928B723DAB450009B13A9 /* Products */,
				6CDA7CE99C2A2CD8B3FE4206 /* Pods */,
				375D92E08D676624FFAA426B /* Frameworks */,
			);
			sourceTree = "<group>";
		};
		2C9928B723DAB450009B13A9 /* Products */ = {
			isa = PBXGroup;
			children = (
				2C9928B623DAB450009B13A9 /* trans.app */,
			);
			name = Products;
			sourceTree = "<group>";
		};
		2C9928B823DAB450009B13A9 /* trans */ = {
			isa = PBXGroup;
			children = (
				2C9928B923DAB450009B13A9 /* AppDelegate.swift */,
				2C85913923DB269800AA6A47 /* Main.storyboard */,
				2C85913823DB18CF00AA6A47 /* Model */,
				2C9928CE23DADFB8009B13A9 /* View Controller */,
				2C9928C023DAB452009B13A9 /* Assets.xcassets */,
				2C9928C523DAB452009B13A9 /* Info.plist */,
				2C9928C623DAB452009B13A9 /* trans.entitlements */,
				2C9928BD23DAB450009B13A9 /* trans.xcdatamodeld */,
			);
			path = trans;
			sourceTree = "<group>";
		};
		2C9928CE23DADFB8009B13A9 /* View Controller */ = {
			isa = PBXGroup;
			children = (
				2C9928CC23DABE9B009B13A9 /* PopoverViewController.swift */,
				2C9928D123DAE34F009B13A9 /* PrefsViewController.swift */,
			);
			path = "View Controller";
			sourceTree = "<group>";
		};
		375D92E08D676624FFAA426B /* Frameworks */ = {
			isa = PBXGroup;
			children = (
				66355C472D98083FF84A11F1 /* Pods_trans.framework */,
			);
			name = Frameworks;
			sourceTree = "<group>";
		};
		6CDA7CE99C2A2CD8B3FE4206 /* Pods */ = {
			isa = PBXGroup;
			children = (
				8A198669C22EC238EC459E8E /* Pods-trans.debug.xcconfig */,
				41B0B4DF020570EDB1BA6285 /* Pods-trans.release.xcconfig */,
			);
			path = Pods;
			sourceTree = "<group>";
		};
/* End PBXGroup section */

/* Begin PBXNativeTarget section */
		2C9928B523DAB450009B13A9 /* trans */ = {
			isa = PBXNativeTarget;
			buildConfigurationList = 2C9928C923DAB452009B13A9 /* Build configuration list for PBXNativeTarget "trans" */;
			buildPhases = (
				B44FAED4DF3E371E04A195E4 /* [CP] Check Pods Manifest.lock */,
				2C9928B223DAB450009B13A9 /* Sources */,
				2C9928B323DAB450009B13A9 /* Frameworks */,
				2C9928B423DAB450009B13A9 /* Resources */,
				A9F6469608B4C27AD7CE162B /* [CP] Embed Pods Frameworks */,
			);
			buildRules = (
			);
			dependencies = (
			);
			name = trans;
			productName = tranns;
			productReference = 2C9928B623DAB450009B13A9 /* trans.app */;
			productType = "com.apple.product-type.application";
		};
/* End PBXNativeTarget section */

/* Begin PBXProject section */
		2C9928AE23DAB450009B13A9 /* Project object */ = {
			isa = PBXProject;
			attributes = {
				LastSwiftUpdateCheck = 1110;
				LastUpgradeCheck = 1110;
				ORGANIZATIONNAME = rhinoc;
				TargetAttributes = {
					2C9928B523DAB450009B13A9 = {
						CreatedOnToolsVersion = 11.1;
					};
				};
			};
			buildConfigurationList = 2C9928B123DAB450009B13A9 /* Build configuration list for PBXProject "trans" */;
			compatibilityVersion = "Xcode 9.3";
			developmentRegion = en;
			hasScannedForEncodings = 0;
			knownRegions = (
				en,
				Base,
			);
			mainGroup = 2C9928AD23DAB450009B13A9;
			productRefGroup = 2C9928B723DAB450009B13A9 /* Products */;
			projectDirPath = "";
			projectRoot = "";
			targets = (
				2C9928B523DAB450009B13A9 /* trans */,
			);
		};
/* End PBXProject section */

/* Begin PBXResourcesBuildPhase section */
		2C9928B423DAB450009B13A9 /* Resources */ = {
			isa = PBXResourcesBuildPhase;
			buildActionMask = 2147483647;
			files = (
				2C9928C123DAB452009B13A9 /* Assets.xcassets in Resources */,
				2C85913A23DB269800AA6A47 /* Main.storyboard in Resources */,
			);
			runOnlyForDeploymentPostprocessing = 0;
		};
/* End PBXResourcesBuildPhase section */

/* Begin PBXShellScriptBuildPhase section */
		A9F6469608B4C27AD7CE162B /* [CP] Embed Pods Frameworks */ = {
			isa = PBXShellScriptBuildPhase;
			buildActionMask = 2147483647;
			files = (
			);
			inputFileListPaths = (
				"${PODS_ROOT}/Target Support Files/Pods-trans/Pods-trans-frameworks-${CONFIGURATION}-input-files.xcfilelist",
			);
			name = "[CP] Embed Pods Frameworks";
			outputFileListPaths = (
				"${PODS_ROOT}/Target Support Files/Pods-trans/Pods-trans-frameworks-${CONFIGURATION}-output-files.xcfilelist",
			);
			runOnlyForDeploymentPostprocessing = 0;
			shellPath = /bin/sh;
			shellScript = "\"${PODS_ROOT}/Target Support Files/Pods-trans/Pods-trans-frameworks.sh\"\n";
			showEnvVarsInLog = 0;
		};
		B44FAED4DF3E371E04A195E4 /* [CP] Check Pods Manifest.lock */ = {
			isa = PBXShellScriptBuildPhase;
			buildActionMask = 2147483647;
			files = (
			);
			inputFileListPaths = (
			);
			inputPaths = (
				"${PODS_PODFILE_DIR_PATH}/Podfile.lock",
				"${PODS_ROOT}/Manifest.lock",
			);
			name = "[CP] Check Pods Manifest.lock";
			outputFileListPaths = (
			);
			outputPaths = (
				"$(DERIVED_FILE_DIR)/Pods-trans-checkManifestLockResult.txt",
			);
			runOnlyForDeploymentPostprocessing = 0;
			shellPath = /bin/sh;
			shellScript = "diff \"${PODS_PODFILE_DIR_PATH}/Podfile.lock\" \"${PODS_ROOT}/Manifest.lock\" > /dev/null\nif [ $? != 0 ] ; then\n    # print error to STDERR\n    echo \"error: The sandbox is not in sync with the Podfile.lock. Run 'pod install' or update your CocoaPods installation.\" >&2\n    exit 1\nfi\n# This output is used by Xcode 'outputs' to avoid re-running this script phase.\necho \"SUCCESS\" > \"${SCRIPT_OUTPUT_FILE_0}\"\n";
			showEnvVarsInLog = 0;
		};
/* End PBXShellScriptBuildPhase section */

/* Begin PBXSourcesBuildPhase section */
		2C9928B223DAB450009B13A9 /* Sources */ = {
			isa = PBXSourcesBuildPhase;
			buildActionMask = 2147483647;
			files = (
				2C9928CD23DABE9B009B13A9 /* PopoverViewController.swift in Sources */,
				2C9928D223DAE34F009B13A9 /* PrefsViewController.swift in Sources */,
				2C9928BF23DAB450009B13A9 /* trans.xcdatamodeld in Sources */,
				2C1A8A4723E9385700930E6C /* Utils.swift in Sources */,
				2C9928D023DAE053009B13A9 /* Preferences.swift in Sources */,
				2C85913723DB176400AA6A47 /* EventMonitor.swift in Sources */,
				2C9928BA23DAB450009B13A9 /* AppDelegate.swift in Sources */,
			);
			runOnlyForDeploymentPostprocessing = 0;
		};
/* End PBXSourcesBuildPhase section */

/* Begin XCBuildConfiguration section */
		2C9928C723DAB452009B13A9 /* Debug */ = {
			isa = XCBuildConfiguration;
			buildSettings = {
				ALWAYS_SEARCH_USER_PATHS = NO;
				CLANG_ANALYZER_NONNULL = YES;
				CLANG_ANALYZER_NUMBER_OBJECT_CONVERSION = YES_AGGRESSIVE;
				CLANG_CXX_LANGUAGE_STANDARD = "gnu++14";
				CLANG_CXX_LIBRARY = "libc++";
				CLANG_ENABLE_MODULES = YES;
				CLANG_ENABLE_OBJC_ARC = YES;
				CLANG_ENABLE_OBJC_WEAK = YES;
				CLANG_WARN_BLOCK_CAPTURE_AUTORELEASING = YES;
				CLANG_WARN_BOOL_CONVERSION = YES;
				CLANG_WARN_COMMA = YES;
				CLANG_WARN_CONSTANT_CONVERSION = YES;
				CLANG_WARN_DEPRECATED_OBJC_IMPLEMENTATIONS = YES;
				CLANG_WARN_DIRECT_OBJC_ISA_USAGE = YES_ERROR;
				CLANG_WARN_DOCUMENTATION_COMMENTS = YES;
				CLANG_WARN_EMPTY_BODY = YES;
				CLANG_WARN_ENUM_CONVERSION = YES;
				CLANG_WARN_INFINITE_RECURSION = YES;
				CLANG_WARN_INT_CONVERSION = YES;
				CLANG_WARN_NON_LITERAL_NULL_CONVERSION = YES;
				CLANG_WARN_OBJC_IMPLICIT_RETAIN_SELF = YES;
				CLANG_WARN_OBJC_LITERAL_CONVERSION = YES;
				CLANG_WARN_OBJC_ROOT_CLASS = YES_ERROR;
				CLANG_WARN_RANGE_LOOP_ANALYSIS = YES;
				CLANG_WARN_STRICT_PROTOTYPES = YES;
				CLANG_WARN_SUSPICIOUS_MOVE = YES;
				CLANG_WARN_UNGUARDED_AVAILABILITY = YES_AGGRESSIVE;
				CLANG_WARN_UNREACHABLE_CODE = YES;
				CLANG_WARN__DUPLICATE_METHOD_MATCH = YES;
				COPY_PHASE_STRIP = NO;
				DEBUG_INFORMATION_FORMAT = dwarf;
				ENABLE_STRICT_OBJC_MSGSEND = YES;
				ENABLE_TESTABILITY = YES;
				GCC_C_LANGUAGE_STANDARD = gnu11;
				GCC_DYNAMIC_NO_PIC = NO;
				GCC_NO_COMMON_BLOCKS = YES;
				GCC_OPTIMIZATION_LEVEL = 0;
				GCC_PREPROCESSOR_DEFINITIONS = (
					"DEBUG=1",
					"$(inherited)",
				);
				GCC_WARN_64_TO_32_BIT_CONVERSION = YES;
				GCC_WARN_ABOUT_RETURN_TYPE = YES_ERROR;
				GCC_WARN_UNDECLARED_SELECTOR = YES;
				GCC_WARN_UNINITIALIZED_AUTOS = YES_AGGRESSIVE;
				GCC_WARN_UNUSED_FUNCTION = YES;
				GCC_WARN_UNUSED_VARIABLE = YES;
				MACOSX_DEPLOYMENT_TARGET = 10.4;
				MTL_ENABLE_DEBUG_INFO = INCLUDE_SOURCE;
				MTL_FAST_MATH = YES;
				ONLY_ACTIVE_ARCH = YES;
				SDKROOT = macosx;
				SWIFT_ACTIVE_COMPILATION_CONDITIONS = DEBUG;
				SWIFT_OPTIMIZATION_LEVEL = "-Onone";
			};
			name = Debug;
		};
		2C9928C823DAB452009B13A9 /* Release */ = {
			isa = XCBuildConfiguration;
			buildSettings = {
				ALWAYS_SEARCH_USER_PATHS = NO;
				CLANG_ANALYZER_NONNULL = YES;
				CLANG_ANALYZER_NUMBER_OBJECT_CONVERSION = YES_AGGRESSIVE;
				CLANG_CXX_LANGUAGE_STANDARD = "gnu++14";
				CLANG_CXX_LIBRARY = "libc++";
				CLANG_ENABLE_MODULES = YES;
				CLANG_ENABLE_OBJC_ARC = YES;
				CLANG_ENABLE_OBJC_WEAK = YES;
				CLANG_WARN_BLOCK_CAPTURE_AUTORELEASING = YES;
				CLANG_WARN_BOOL_CONVERSION = YES;
				CLANG_WARN_COMMA = YES;
				CLANG_WARN_CONSTANT_CONVERSION = YES;
				CLANG_WARN_DEPRECATED_OBJC_IMPLEMENTATIONS = YES;
				CLANG_WARN_DIRECT_OBJC_ISA_USAGE = YES_ERROR;
				CLANG_WARN_DOCUMENTATION_COMMENTS = YES;
				CLANG_WARN_EMPTY_BODY = YES;
				CLANG_WARN_ENUM_CONVERSION = YES;
				CLANG_WARN_INFINITE_RECURSION = YES;
				CLANG_WARN_INT_CONVERSION = YES;
				CLANG_WARN_NON_LITERAL_NULL_CONVERSION = YES;
				CLANG_WARN_OBJC_IMPLICIT_RETAIN_SELF = YES;
				CLANG_WARN_OBJC_LITERAL_CONVERSION = YES;
				CLANG_WARN_OBJC_ROOT_CLASS = YES_ERROR;
				CLANG_WARN_RANGE_LOOP_ANALYSIS = YES;
				CLANG_WARN_STRICT_PROTOTYPES = YES;
				CLANG_WARN_SUSPICIOUS_MOVE = YES;
				CLANG_WARN_UNGUARDED_AVAILABILITY = YES_AGGRESSIVE;
				CLANG_WARN_UNREACHABLE_CODE = YES;
				CLANG_WARN__DUPLICATE_METHOD_MATCH = YES;
				COPY_PHASE_STRIP = NO;
				DEBUG_INFORMATION_FORMAT = "dwarf-with-dsym";
				ENABLE_NS_ASSERTIONS = NO;
				ENABLE_STRICT_OBJC_MSGSEND = YES;
				GCC_C_LANGUAGE_STANDARD = gnu11;
				GCC_NO_COMMON_BLOCKS = YES;
				GCC_WARN_64_TO_32_BIT_CONVERSION = YES;
				GCC_WARN_ABOUT_RETURN_TYPE = YES_ERROR;
				GCC_WARN_UNDECLARED_SELECTOR = YES;
				GCC_WARN_UNINITIALIZED_AUTOS = YES_AGGRESSIVE;
				GCC_WARN_UNUSED_FUNCTION = YES;
				GCC_WARN_UNUSED_VARIABLE = YES;
				MACOSX_DEPLOYMENT_TARGET = 10.4;
				MTL_ENABLE_DEBUG_INFO = NO;
				MTL_FAST_MATH = YES;
				SDKROOT = macosx;
				SWIFT_COMPILATION_MODE = wholemodule;
				SWIFT_OPTIMIZATION_LEVEL = "-O";
			};
			name = Release;
		};
		2C9928CA23DAB452009B13A9 /* Debug */ = {
			isa = XCBuildConfiguration;
			baseConfigurationReference = 8A198669C22EC238EC459E8E /* Pods-trans.debug.xcconfig */;
			buildSettings = {
				ASSETCATALOG_COMPILER_APPICON_NAME = AppIcon;
				CODE_SIGN_ENTITLEMENTS = trans/trans.entitlements;
				CODE_SIGN_STYLE = Automatic;
				COMBINE_HIDPI_IMAGES = YES;
				DEVELOPMENT_TEAM = H6N2N99XF5;
				ENABLE_HARDENED_RUNTIME = YES;
				INFOPLIST_FILE = trans/Info.plist;
				LD_RUNPATH_SEARCH_PATHS = (
					"$(inherited)",
					"@executable_path/../Frameworks",
				);
				MACOSX_DEPLOYMENT_TARGET = 10.14;
				MARKETING_VERSION = 2.1;
				PRODUCT_BUNDLE_IDENTIFIER = rhinoc.trans;
				PRODUCT_NAME = "$(TARGET_NAME)";
				SWIFT_VERSION = 5.0;
			};
			name = Debug;
		};
		2C9928CB23DAB452009B13A9 /* Release */ = {
			isa = XCBuildConfiguration;
			baseConfigurationReference = 41B0B4DF020570EDB1BA6285 /* Pods-trans.release.xcconfig */;
			buildSettings = {
				ASSETCATALOG_COMPILER_APPICON_NAME = AppIcon;
				CODE_SIGN_ENTITLEMENTS = trans/trans.entitlements;
				CODE_SIGN_STYLE = Automatic;
				COMBINE_HIDPI_IMAGES = YES;
				DEVELOPMENT_TEAM = H6N2N99XF5;
				ENABLE_HARDENED_RUNTIME = YES;
				INFOPLIST_FILE = trans/Info.plist;
				LD_RUNPATH_SEARCH_PATHS = (
					"$(inherited)",
					"@executable_path/../Frameworks",
				);
				MACOSX_DEPLOYMENT_TARGET = 10.14;
				MARKETING_VERSION = 2.1;
				PRODUCT_BUNDLE_IDENTIFIER = rhinoc.trans;
				PRODUCT_NAME = "$(TARGET_NAME)";
				SWIFT_VERSION = 5.0;
			};
			name = Release;
		};
/* End XCBuildConfiguration section */

/* Begin XCConfigurationList section */
		2C9928B123DAB450009B13A9 /* Build configuration list for PBXProject "trans" */ = {
			isa = XCConfigurationList;
			buildConfigurations = (
				2C9928C723DAB452009B13A9 /* Debug */,
				2C9928C823DAB452009B13A9 /* Release */,
			);
			defaultConfigurationIsVisible = 0;
			defaultConfigurationName = Release;
		};
		2C9928C923DAB452009B13A9 /* Build configuration list for PBXNativeTarget "trans" */ = {
			isa = XCConfigurationList;
			buildConfigurations = (
				2C9928CA23DAB452009B13A9 /* Debug */,
				2C9928CB23DAB452009B13A9 /* Release */,
			);
			defaultConfigurationIsVisible = 0;
			defaultConfigurationName = Release;
		};
/* End XCConfigurationList section */

/* Begin XCVersionGroup section */
		2C9928BD23DAB450009B13A9 /* trans.xcdatamodeld */ = {
			isa = XCVersionGroup;
			children = (
				2C9928BE23DAB450009B13A9 /* tranns.xcdatamodel */,
			);
			currentVersion = 2C9928BE23DAB450009B13A9 /* tranns.xcdatamodel */;
			path = trans.xcdatamodeld;
			sourceTree = "<group>";
			versionGroupType = wrapper.xcdatamodel;
		};
/* End XCVersionGroup section */
	};
	rootObject = 2C9928AE23DAB450009B13A9 /* Project object */;
}
